
Microsoft Visual Studio Solution File, Format Version 12.00
# Visual Studio Version 17
VisualStudioVersion = 17.9.34728.123
MinimumVisualStudioVersion = 10.0.40219.1
Project("{FAE04EC0-301F-11D3-BF4B-00C04F79EFBC}") = "Polimorfismo", "Polimorfismo\Polimorfismo.csproj", "{F79D5E7A-DB55-40BD-8DC0-08B160809989}"
EndProject
Global
	GlobalSection(SolutionConfigurationPlatforms) = preSolution
		Debug|Any CPU = Debug|Any CPU
		Release|Any CPU = Release|Any CPU
	EndGlobalSection
	GlobalSection(ProjectConfigurationPlatforms) = postSolution
		{F79D5E7A-DB55-40BD-8DC0-08B160809989}.Debug|Any CPU.ActiveCfg = Debug|Any CPU
		{F79D5E7A-DB55-40BD-8DC0-08B160809989}.Debug|Any CPU.Build.0 = Debug|Any CPU
		{F79D5E7A-DB55-40BD-8DC0-08B160809989}.Release|Any CPU.ActiveCfg = Release|Any CPU
		{F79D5E7A-DB55-40BD-8DC0-08B160809989}.Release|Any CPU.Build.0 = Release|Any CPU
	EndGlobalSection
	GlobalSection(SolutionProperties) = preSolution
		HideSolutionNode = FALSE
	EndGlobalSection
	GlobalSection(ExtensibilityGlobals) = postSolution
		SolutionGuid = {A07F977E-31F7-4C6F-B589-8FBA0DB12D50}
	EndGlobalSection
EndGlobal
